PODS:
  - OCHamcrest (6.1.1)
  - OCMockito (4.1.0):
    - OCHamcrest (~> 6.0)
  - PodSwiss (0.0.1)
  - PodWebRTC (0.0.1)
  - Socket.IO-Client-Swift (12.0.0):
    - StarscreamSocketIO (~> 8.0.7)
  - StarscreamSocketIO (8.0.7)

DEPENDENCIES:
  - OCMockito (~> 4.0)
  - PodSwiss (from `./`)
  - PodWebRTC (from `./`)
  - Socket.IO-Client-Swift (~> 12.0.0)

SPEC REPOS:
  https://github.com/cocoapods/specs.git:
    - OCHamcrest
    - OCMockito
    - Socket.IO-Client-Swift
    - StarscreamSocketIO

EXTERNAL SOURCES:
  PodSwiss:
    :path: "./"
  PodWebRTC:
    :path: "./"

SPEC CHECKSUMS:
  OCHamcrest: 363e1bf738c3e8a94abe7c2c415f70d671adde38
  OCMockito: bceefcd365252bcdf8b59c1b2bd23890805fc0d8
  PodSwiss: b12319a0360f6b402e8673e9242a5d745dbc30b5
  PodWebRTC: 00ee323db5a46bd777bb8ea4c1ad39221366f2ca
  Socket.IO-Client-Swift: 5b0154b42b3892bfb4c44fa138cbeb8afec4f6ef
  StarscreamSocketIO: 00b54e4208481ca5cef089545353aaf126bae16d

PODFILE CHECKSUM: 368e2c3af09156f7871b49094eaad6b50b13b8a3

COCOAPODS: 1.5.2
