PODS:
  - OCHamcrest (6.1.1)
  - OCMockito (4.1.0):
    - OCHamcrest (~> 6.0)
  - PodWebRTC (0.0.1)
  - Socket.IO-Client-Swift (12.0.0):
    - StarscreamSocketIO (~> 8.0.7)
  - StarscreamSocketIO (8.0.7)

DEPENDENCIES:
  - OCMockito (~> 4.0)
  - PodWebRTC (from `./`)
  - Socket.IO-Client-Swift (~> 12.0.0)

EXTERNAL SOURCES:
  PodWebRTC:
    :path: ./

SPEC CHECKSUMS:
  OCHamcrest: 363e1bf738c3e8a94abe7c2c415f70d671adde38
  OCMockito: bceefcd365252bcdf8b59c1b2bd23890805fc0d8
  PodWebRTC: 0e9ba6e420321c819796eae25f4fd38bf91d2b8c
  Socket.IO-Client-Swift: 5b0154b42b3892bfb4c44fa138cbeb8afec4f6ef
  StarscreamSocketIO: 00b54e4208481ca5cef089545353aaf126bae16d

PODFILE CHECKSUM: 2975f603134353aa04c0fbc8b606d6a615940796

COCOAPODS: 1.3.1
