PODS:
  - IQKeyboardManager (6.0.3)
  - OCHamcrest (6.1.1)
  - OCMockito (4.1.0):
    - OCHamcrest (~> 6.0)
  - PodSwiss (0.0.1)
  - PodWebRTC (0.0.1)
  - Socket.IO-Client-Swift (12.0.0):
    - StarscreamSocketIO (~> 8.0.7)
  - StarscreamSocketIO (8.0.7)
  - Toast (4.0.0)

DEPENDENCIES:
  - IQKeyboardManager
  - OCMockito (~> 4.0)
  - PodSwiss (from `./`)
  - PodWebRTC (from `./`)
  - Socket.IO-Client-Swift (~> 12.0.0)
  - Toast (~> 4.0.0)

SPEC REPOS:
  https://github.com/cocoapods/specs.git:
    - IQKeyboardManager
    - OCHamcrest
    - OCMockito
    - Socket.IO-Client-Swift
    - StarscreamSocketIO
    - Toast

EXTERNAL SOURCES:
  PodSwiss:
    :path: "./"
  PodWebRTC:
    :path: "./"

SPEC CHECKSUMS:
  IQKeyboardManager: c390e612f4b98c8fd748016470138537dc163ead
  OCHamcrest: 363e1bf738c3e8a94abe7c2c415f70d671adde38
  OCMockito: bceefcd365252bcdf8b59c1b2bd23890805fc0d8
  PodSwiss: 15c84d7f8e28c2ccc1233099cfde5a11b6a2f619
  PodWebRTC: 00ee323db5a46bd777bb8ea4c1ad39221366f2ca
  Socket.IO-Client-Swift: 5b0154b42b3892bfb4c44fa138cbeb8afec4f6ef
  StarscreamSocketIO: 00b54e4208481ca5cef089545353aaf126bae16d
  Toast: 91b396c56ee72a5790816f40d3a94dd357abc196

PODFILE CHECKSUM: 1b5ea863e05c798b4537ba8115278bf408f7d62b

COCOAPODS: 1.5.2
